// !$*UTF8*$!
{
	archiveVersion = 1;
	classes = {
	};
	objectVersion = 56;
	objects = {

/* Begin PBXBuildFile section */
		77338DC62C527E9A00C7922D /* CounterReducer.swift in Sources */ = {isa = PBXBuildFile; fileRef = 77338DC52C527E9A00C7922D /* CounterReducer.swift */; };
		77338DC82C527ECA00C7922D /* AppReducer.swift in Sources */ = {isa = PBXBuildFile; fileRef = 77338DC72C527ECA00C7922D /* AppReducer.swift */; };
		77338DCA2C5280BD00C7922D /* TaskReducer.swift in Sources */ = {isa = PBXBuildFile; fileRef = 77338DC92C5280BD00C7922D /* TaskReducer.swift */; };
		77338DCD2C5280EB00C7922D /* Task.swift in Sources */ = {isa = PBXBuildFile; fileRef = 77338DCC2C5280EB00C7922D /* Task.swift */; };
		77338DCF2C52814400C7922D /* AddTaskView.swift in Sources */ = {isa = PBXBuildFile; fileRef = 77338DCE2C52814400C7922D /* AddTaskView.swift */; };
		7773079D2C526D190001E7B7 /* ReduxProjectApp.swift in Sources */ = {isa = PBXBuildFile; fileRef = 7773079C2C526D190001E7B7 /* ReduxProjectApp.swift */; };
		7773079F2C526D190001E7B7 /* ContentView.swift in Sources */ = {isa = PBXBuildFile; fileRef = 7773079E2C526D190001E7B7 /* ContentView.swift */; };
		777307A12C526D1A0001E7B7 /* Assets.xcassets in Resources */ = {isa = PBXBuildFile; fileRef = 777307A02C526D1A0001E7B7 /* Assets.xcassets */; };
		777307A42C526D1A0001E7B7 /* Preview Assets.xcassets in Resources */ = {isa = PBXBuildFile; fileRef = 777307A32C526D1A0001E7B7 /* Preview Assets.xcassets */; };
		777307AC2C526E560001E7B7 /* Store.swift in Sources */ = {isa = PBXBuildFile; fileRef = 777307AB2C526E560001E7B7 /* Store.swift */; };
		77C576372C5F8E1E00DBFC5E /* LogMiddleware.swift in Sources */ = {isa = PBXBuildFile; fileRef = 77C576362C5F8E1E00DBFC5E /* LogMiddleware.swift */; };
		77C576392C5F8F3900DBFC5E /* IncrementMiddleware.swift in Sources */ = {isa = PBXBuildFile; fileRef = 77C576382C5F8F3900DBFC5E /* IncrementMiddleware.swift */; };
/* End PBXBuildFile section */

/* Begin PBXFileReference section */
		77338DC52C527E9A00C7922D /* CounterReducer.swift */ = {isa = PBXFileReference; lastKnownFileType = sourcecode.swift; path = CounterReducer.swift; sourceTree = "<group>"; };
		77338DC72C527ECA00C7922D /* AppReducer.swift */ = {isa = PBXFileReference; lastKnownFileType = sourcecode.swift; path = AppReducer.swift; sourceTree = "<group>"; };
		77338DC92C5280BD00C7922D /* TaskReducer.swift */ = {isa = PBXFileReference; lastKnownFileType = sourcecode.swift; path = TaskReducer.swift; sourceTree = "<group>"; };
		77338DCC2C5280EB00C7922D /* Task.swift */ = {isa = PBXFileReference; lastKnownFileType = sourcecode.swift; path = Task.swift; sourceTree = "<group>"; };
		77338DCE2C52814400C7922D /* AddTaskView.swift */ = {isa = PBXFileReference; lastKnownFileType = sourcecode.swift; path = AddTaskView.swift; sourceTree = "<group>"; };
		777307992C526D190001E7B7 /* ReduxProject.app */ = {isa = PBXFileReference; explicitFileType = wrapper.application; includeInIndex = 0; path = ReduxProject.app; sourceTree = BUILT_PRODUCTS_DIR; };
		7773079C2C526D190001E7B7 /* ReduxProjectApp.swift */ = {isa = PBXFileReference; lastKnownFileType = sourcecode.swift; path = ReduxProjectApp.swift; sourceTree = "<group>"; };
		7773079E2C526D190001E7B7 /* ContentView.swift */ = {isa = PBXFileReference; lastKnownFileType = sourcecode.swift; path = ContentView.swift; sourceTree = "<group>"; };
		777307A02C526D1A0001E7B7 /* Assets.xcassets */ = {isa = PBXFileReference; lastKnownFileType = folder.assetcatalog; path = Assets.xcassets; sourceTree = "<group>"; };
		777307A32C526D1A0001E7B7 /* Preview Assets.xcassets */ = {isa = PBXFileReference; lastKnownFileType = folder.assetcatalog; path = "Preview Assets.xcassets"; sourceTree = "<group>"; };
		777307AB2C526E560001E7B7 /* Store.swift */ = {isa = PBXFileReference; lastKnownFileType = sourcecode.swift; path = Store.swift; sourceTree = "<group>"; };
		77C576362C5F8E1E00DBFC5E /* LogMiddleware.swift */ = {isa = PBXFileReference; lastKnownFileType = sourcecode.swift; path = LogMiddleware.swift; sourceTree = "<group>"; };
		77C576382C5F8F3900DBFC5E /* IncrementMiddleware.swift */ = {isa = PBXFileReference; lastKnownFileType = sourcecode.swift; path = IncrementMiddleware.swift; sourceTree = "<group>"; };
/* End PBXFileReference section */

/* Begin PBXFrameworksBuildPhase section */
		777307962C526D190001E7B7 /* Frameworks */ = {
			isa = PBXFrameworksBuildPhase;
			buildActionMask = 2147483647;
			files = (
			);
			runOnlyForDeploymentPostprocessing = 0;
		};
/* End PBXFrameworksBuildPhase section */

/* Begin PBXGroup section */
		77338DC42C527E7300C7922D /* reducers */ = {
			isa = PBXGroup;
			children = (
				77338DC52C527E9A00C7922D /* CounterReducer.swift */,
				77338DC72C527ECA00C7922D /* AppReducer.swift */,
				77338DC92C5280BD00C7922D /* TaskReducer.swift */,
			);
			path = reducers;
			sourceTree = "<group>";
		};
		77338DCB2C5280D600C7922D /* Models */ = {
			isa = PBXGroup;
			children = (
				77338DCC2C5280EB00C7922D /* Task.swift */,
			);
			path = Models;
			sourceTree = "<group>";
		};
		777307902C526D190001E7B7 = {
			isa = PBXGroup;
			children = (
				7773079B2C526D190001E7B7 /* ReduxProject */,
				7773079A2C526D190001E7B7 /* Products */,
			);
			sourceTree = "<group>";
		};
		7773079A2C526D190001E7B7 /* Products */ = {
			isa = PBXGroup;
			children = (
				777307992C526D190001E7B7 /* ReduxProject.app */,
			);
			name = Products;
			sourceTree = "<group>";
		};
		7773079B2C526D190001E7B7 /* ReduxProject */ = {
			isa = PBXGroup;
			children = (
				77338DCB2C5280D600C7922D /* Models */,
				777307AA2C526E480001E7B7 /* Store */,
				7773079C2C526D190001E7B7 /* ReduxProjectApp.swift */,
				7773079E2C526D190001E7B7 /* ContentView.swift */,
				777307A02C526D1A0001E7B7 /* Assets.xcassets */,
				777307A22C526D1A0001E7B7 /* Preview Content */,
				77338DCE2C52814400C7922D /* AddTaskView.swift */,
			);
			path = ReduxProject;
			sourceTree = "<group>";
		};
		777307A22C526D1A0001E7B7 /* Preview Content */ = {
			isa = PBXGroup;
			children = (
				777307A32C526D1A0001E7B7 /* Preview Assets.xcassets */,
			);
			path = "Preview Content";
			sourceTree = "<group>";
		};
		777307AA2C526E480001E7B7 /* Store */ = {
			isa = PBXGroup;
			children = (
				77C576352C5F8E0B00DBFC5E /* middlewares */,
				77338DC42C527E7300C7922D /* reducers */,
				777307AB2C526E560001E7B7 /* Store.swift */,
			);
			path = Store;
			sourceTree = "<group>";
		};
		77C576352C5F8E0B00DBFC5E /* middlewares */ = {
			isa = PBXGroup;
			children = (
				77C576362C5F8E1E00DBFC5E /* LogMiddleware.swift */,
				77C576382C5F8F3900DBFC5E /* IncrementMiddleware.swift */,
			);
			path = middlewares;
			sourceTree = "<group>";
		};
/* End PBXGroup section */

/* Begin PBXNativeTarget section */
		777307982C526D190001E7B7 /* ReduxProject */ = {
			isa = PBXNativeTarget;
			buildConfigurationList = 777307A72C526D1A0001E7B7 /* Build configuration list for PBXNativeTarget "ReduxProject" */;
			buildPhases = (
				777307952C526D190001E7B7 /* Sources */,
				777307962C526D190001E7B7 /* Frameworks */,
				777307972C526D190001E7B7 /* Resources */,
			);
			buildRules = (
			);
			dependencies = (
			);
			name = ReduxProject;
			productName = ReduxProject;
			productReference = 777307992C526D190001E7B7 /* ReduxProject.app */;
			productType = "com.apple.product-type.application";
		};
/* End PBXNativeTarget section */

/* Begin PBXProject section */
		777307912C526D190001E7B7 /* Project object */ = {
			isa = PBXProject;
			attributes = {
				BuildIndependentTargetsInParallel = 1;
				LastSwiftUpdateCheck = 1510;
				LastUpgradeCheck = 1510;
				TargetAttributes = {
					777307982C526D190001E7B7 = {
						CreatedOnToolsVersion = 15.1;
					};
				};
			};
			buildConfigurationList = 777307942C526D190001E7B7 /* Build configuration list for PBXProject "ReduxProject" */;
			compatibilityVersion = "Xcode 14.0";
			developmentRegion = en;
			hasScannedForEncodings = 0;
			knownRegions = (
				en,
				Base,
			);
			mainGroup = 777307902C526D190001E7B7;
			productRefGroup = 7773079A2C526D190001E7B7 /* Products */;
			projectDirPath = "";
			projectRoot = "";
			targets = (
				777307982C526D190001E7B7 /* ReduxProject */,
			);
		};
/* End PBXProject section */

/* Begin PBXResourcesBuildPhase section */
		777307972C526D190001E7B7 /* Resources */ = {
			isa = PBXResourcesBuildPhase;
			buildActionMask = 2147483647;
			files = (
				777307A42C526D1A0001E7B7 /* Preview Assets.xcassets in Resources */,
				777307A12C526D1A0001E7B7 /* Assets.xcassets in Resources */,
			);
			runOnlyForDeploymentPostprocessing = 0;
		};
/* End PBXResourcesBuildPhase section */

/* Begin PBXSourcesBuildPhase section */
		777307952C526D190001E7B7 /* Sources */ = {
			isa = PBXSourcesBuildPhase;
			buildActionMask = 2147483647;
			files = (
				777307AC2C526E560001E7B7 /* Store.swift in Sources */,
				77338DCA2C5280BD00C7922D /* TaskReducer.swift in Sources */,
				77338DC62C527E9A00C7922D /* CounterReducer.swift in Sources */,
				77338DCF2C52814400C7922D /* AddTaskView.swift in Sources */,
				7773079F2C526D190001E7B7 /* ContentView.swift in Sources */,
				7773079D2C526D190001E7B7 /* ReduxProjectApp.swift in Sources */,
				77338DCD2C5280EB00C7922D /* Task.swift in Sources */,
				77338DC82C527ECA00C7922D /* AppReducer.swift in Sources */,
				77C576372C5F8E1E00DBFC5E /* LogMiddleware.swift in Sources */,
				77C576392C5F8F3900DBFC5E /* IncrementMiddleware.swift in Sources */,
			);
			runOnlyForDeploymentPostprocessing = 0;
		};
/* End PBXSourcesBuildPhase section */

/* Begin XCBuildConfiguration section */
		777307A52C526D1A0001E7B7 /* Debug */ = {
			isa = XCBuildConfiguration;
			buildSettings = {
				ALWAYS_SEARCH_USER_PATHS = NO;
				ASSETCATALOG_COMPILER_GENERATE_SWIFT_ASSET_SYMBOL_EXTENSIONS = YES;
				CLANG_ANALYZER_NONNULL = YES;
				CLANG_ANALYZER_NUMBER_OBJECT_CONVERSION = YES_AGGRESSIVE;
				CLANG_CXX_LANGUAGE_STANDARD = "gnu++20";
				CLANG_ENABLE_MODULES = YES;
				CLANG_ENABLE_OBJC_ARC = YES;
				CLANG_ENABLE_OBJC_WEAK = YES;
				CLANG_WARN_BLOCK_CAPTURE_AUTORELEASING = YES;
				CLANG_WARN_BOOL_CONVERSION = YES;
				CLANG_WARN_COMMA = YES;
				CLANG_WARN_CONSTANT_CONVERSION = YES;
				CLANG_WARN_DEPRECATED_OBJC_IMPLEMENTATIONS = YES;
				CLANG_WARN_DIRECT_OBJC_ISA_USAGE = YES_ERROR;
				CLANG_WARN_DOCUMENTATION_COMMENTS = YES;
				CLANG_WARN_EMPTY_BODY = YES;
				CLANG_WARN_ENUM_CONVERSION = YES;
				CLANG_WARN_INFINITE_RECURSION = YES;
				CLANG_WARN_INT_CONVERSION = YES;
				CLANG_WARN_NON_LITERAL_NULL_CONVERSION = YES;
				CLANG_WARN_OBJC_IMPLICIT_RETAIN_SELF = YES;
				CLANG_WARN_OBJC_LITERAL_CONVERSION = YES;
				CLANG_WARN_OBJC_ROOT_CLASS = YES_ERROR;
				CLANG_WARN_QUOTED_INCLUDE_IN_FRAMEWORK_HEADER = YES;
				CLANG_WARN_RANGE_LOOP_ANALYSIS = YES;
				CLANG_WARN_STRICT_PROTOTYPES = YES;
				CLANG_WARN_SUSPICIOUS_MOVE = YES;
				CLANG_WARN_UNGUARDED_AVAILABILITY = YES_AGGRESSIVE;
				CLANG_WARN_UNREACHABLE_CODE = YES;
				CLANG_WARN__DUPLICATE_METHOD_MATCH = YES;
				COPY_PHASE_STRIP = NO;
				DEBUG_INFORMATION_FORMAT = dwarf;
				ENABLE_STRICT_OBJC_MSGSEND = YES;
				ENABLE_TESTABILITY = YES;
				ENABLE_USER_SCRIPT_SANDBOXING = YES;
				GCC_C_LANGUAGE_STANDARD = gnu17;
				GCC_DYNAMIC_NO_PIC = NO;
				GCC_NO_COMMON_BLOCKS = YES;
				GCC_OPTIMIZATION_LEVEL = 0;
				GCC_PREPROCESSOR_DEFINITIONS = (
					"DEBUG=1",
					"$(inherited)",
				);
				GCC_WARN_64_TO_32_BIT_CONVERSION = YES;
				GCC_WARN_ABOUT_RETURN_TYPE = YES_ERROR;
				GCC_WARN_UNDECLARED_SELECTOR = YES;
				GCC_WARN_UNINITIALIZED_AUTOS = YES_AGGRESSIVE;
				GCC_WARN_UNUSED_FUNCTION = YES;
				GCC_WARN_UNUSED_VARIABLE = YES;
				IPHONEOS_DEPLOYMENT_TARGET = 17.2;
				LOCALIZATION_PREFERS_STRING_CATALOGS = YES;
				MTL_ENABLE_DEBUG_INFO = INCLUDE_SOURCE;
				MTL_FAST_MATH = YES;
				ONLY_ACTIVE_ARCH = YES;
				SDKROOT = iphoneos;
				SWIFT_ACTIVE_COMPILATION_CONDITIONS = "DEBUG $(inherited)";
				SWIFT_OPTIMIZATION_LEVEL = "-Onone";
			};
			name = Debug;
		};
		777307A62C526D1A0001E7B7 /* Release */ = {
			isa = XCBuildConfiguration;
			buildSettings = {
				ALWAYS_SEARCH_USER_PATHS = NO;
				ASSETCATALOG_COMPILER_GENERATE_SWIFT_ASSET_SYMBOL_EXTENSIONS = YES;
				CLANG_ANALYZER_NONNULL = YES;
				CLANG_ANALYZER_NUMBER_OBJECT_CONVERSION = YES_AGGRESSIVE;
				CLANG_CXX_LANGUAGE_STANDARD = "gnu++20";
				CLANG_ENABLE_MODULES = YES;
				CLANG_ENABLE_OBJC_ARC = YES;
				CLANG_ENABLE_OBJC_WEAK = YES;
				CLANG_WARN_BLOCK_CAPTURE_AUTORELEASING = YES;
				CLANG_WARN_BOOL_CONVERSION = YES;
				CLANG_WARN_COMMA = YES;
				CLANG_WARN_CONSTANT_CONVERSION = YES;
				CLANG_WARN_DEPRECATED_OBJC_IMPLEMENTATIONS = YES;
				CLANG_WARN_DIRECT_OBJC_ISA_USAGE = YES_ERROR;
				CLANG_WARN_DOCUMENTATION_COMMENTS = YES;
				CLANG_WARN_EMPTY_BODY = YES;
				CLANG_WARN_ENUM_CONVERSION = YES;
				CLANG_WARN_INFINITE_RECURSION = YES;
				CLANG_WARN_INT_CONVERSION = YES;
				CLANG_WARN_NON_LITERAL_NULL_CONVERSION = YES;
				CLANG_WARN_OBJC_IMPLICIT_RETAIN_SELF = YES;
				CLANG_WARN_OBJC_LITERAL_CONVERSION = YES;
				CLANG_WARN_OBJC_ROOT_CLASS = YES_ERROR;
				CLANG_WARN_QUOTED_INCLUDE_IN_FRAMEWORK_HEADER = YES;
				CLANG_WARN_RANGE_LOOP_ANALYSIS = YES;
				CLANG_WARN_STRICT_PROTOTYPES = YES;
				CLANG_WARN_SUSPICIOUS_MOVE = YES;
				CLANG_WARN_UNGUARDED_AVAILABILITY = YES_AGGRESSIVE;
				CLANG_WARN_UNREACHABLE_CODE = YES;
				CLANG_WARN__DUPLICATE_METHOD_MATCH = YES;
				COPY_PHASE_STRIP = NO;
				DEBUG_INFORMATION_FORMAT = "dwarf-with-dsym";
				ENABLE_NS_ASSERTIONS = NO;
				ENABLE_STRICT_OBJC_MSGSEND = YES;
				ENABLE_USER_SCRIPT_SANDBOXING = YES;
				GCC_C_LANGUAGE_STANDARD = gnu17;
				GCC_NO_COMMON_BLOCKS = YES;
				GCC_WARN_64_TO_32_BIT_CONVERSION = YES;
				GCC_WARN_ABOUT_RETURN_TYPE = YES_ERROR;
				GCC_WARN_UNDECLARED_SELECTOR = YES;
				GCC_WARN_UNINITIALIZED_AUTOS = YES_AGGRESSIVE;
				GCC_WARN_UNUSED_FUNCTION = YES;
				GCC_WARN_UNUSED_VARIABLE = YES;
				IPHONEOS_DEPLOYMENT_TARGET = 17.2;
				LOCALIZATION_PREFERS_STRING_CATALOGS = YES;
				MTL_ENABLE_DEBUG_INFO = NO;
				MTL_FAST_MATH = YES;
				SDKROOT = iphoneos;
				SWIFT_COMPILATION_MODE = wholemodule;
				VALIDATE_PRODUCT = YES;
			};
			name = Release;
		};
		777307A82C526D1A0001E7B7 /* Debug */ = {
			isa = XCBuildConfiguration;
			buildSettings = {
				ASSETCATALOG_COMPILER_APPICON_NAME = AppIcon;
				ASSETCATALOG_COMPILER_GLOBAL_ACCENT_COLOR_NAME = AccentColor;
				CODE_SIGN_STYLE = Automatic;
				CURRENT_PROJECT_VERSION = 1;
				DEVELOPMENT_ASSET_PATHS = "\"ReduxProject/Preview Content\"";
				DEVELOPMENT_TEAM = 2A3746WANH;
				ENABLE_PREVIEWS = YES;
				GENERATE_INFOPLIST_FILE = YES;
				INFOPLIST_KEY_UIApplicationSceneManifest_Generation = YES;
				INFOPLIST_KEY_UIApplicationSupportsIndirectInputEvents = YES;
				INFOPLIST_KEY_UILaunchScreen_Generation = YES;
				INFOPLIST_KEY_UISupportedInterfaceOrientations_iPad = "UIInterfaceOrientationPortrait UIInterfaceOrientationPortraitUpsideDown UIInterfaceOrientationLandscapeLeft UIInterfaceOrientationLandscapeRight";
				INFOPLIST_KEY_UISupportedInterfaceOrientations_iPhone = "UIInterfaceOrientationPortrait UIInterfaceOrientationLandscapeLeft UIInterfaceOrientationLandscapeRight";
				LD_RUNPATH_SEARCH_PATHS = (
					"$(inherited)",
					"@executable_path/Frameworks",
				);
				MARKETING_VERSION = 1.0;
				PRODUCT_BUNDLE_IDENTIFIER = "-.ReduxProject";
				PRODUCT_NAME = "$(TARGET_NAME)";
				SWIFT_EMIT_LOC_STRINGS = YES;
				SWIFT_VERSION = 5.0;
				TARGETED_DEVICE_FAMILY = "1,2";
			};
			name = Debug;
		};
		777307A92C526D1A0001E7B7 /* Release */ = {
			isa = XCBuildConfiguration;
			buildSettings = {
				ASSETCATALOG_COMPILER_APPICON_NAME = AppIcon;
				ASSETCATALOG_COMPILER_GLOBAL_ACCENT_COLOR_NAME = AccentColor;
				CODE_SIGN_STYLE = Automatic;
				CURRENT_PROJECT_VERSION = 1;
				DEVELOPMENT_ASSET_PATHS = "\"ReduxProject/Preview Content\"";
				DEVELOPMENT_TEAM = 2A3746WANH;
				ENABLE_PREVIEWS = YES;
				GENERATE_INFOPLIST_FILE = YES;
				INFOPLIST_KEY_UIApplicationSceneManifest_Generation = YES;
				INFOPLIST_KEY_UIApplicationSupportsIndirectInputEvents = YES;
				INFOPLIST_KEY_UILaunchScreen_Generation = YES;
				INFOPLIST_KEY_UISupportedInterfaceOrientations_iPad = "UIInterfaceOrientationPortrait UIInterfaceOrientationPortraitUpsideDown UIInterfaceOrientationLandscapeLeft UIInterfaceOrientationLandscapeRight";
				INFOPLIST_KEY_UISupportedInterfaceOrientations_iPhone = "UIInterfaceOrientationPortrait UIInterfaceOrientationLandscapeLeft UIInterfaceOrientationLandscapeRight";
				LD_RUNPATH_SEARCH_PATHS = (
					"$(inherited)",
					"@executable_path/Frameworks",
				);
				MARKETING_VERSION = 1.0;
				PRODUCT_BUNDLE_IDENTIFIER = "-.ReduxProject";
				PRODUCT_NAME = "$(TARGET_NAME)";
				SWIFT_EMIT_LOC_STRINGS = YES;
				SWIFT_VERSION = 5.0;
				TARGETED_DEVICE_FAMILY = "1,2";
			};
			name = Release;
		};
/* End XCBuildConfiguration section */

/* Begin XCConfigurationList section */
		777307942C526D190001E7B7 /* Build configuration list for PBXProject "ReduxProject" */ = {
			isa = XCConfigurationList;
			buildConfigurations = (
				777307A52C526D1A0001E7B7 /* Debug */,
				777307A62C526D1A0001E7B7 /* Release */,
			);
			defaultConfigurationIsVisible = 0;
			defaultConfigurationName = Release;
		};
		777307A72C526D1A0001E7B7 /* Build configuration list for PBXNativeTarget "ReduxProject" */ = {
			isa = XCConfigurationList;
			buildConfigurations = (
				777307A82C526D1A0001E7B7 /* Debug */,
				777307A92C526D1A0001E7B7 /* Release */,
			);
			defaultConfigurationIsVisible = 0;
			defaultConfigurationName = Release;
		};
/* End XCConfigurationList section */
	};
	rootObject = 777307912C526D190001E7B7 /* Project object */;
}
